
Microsoft Visual Studio Solution File, Format Version 12.00
# Visual Studio Version 17
VisualStudioVersion = 17.14.36915.13 d17.14
MinimumVisualStudioVersion = 10.0.40219.1
Project("{FAE04EC0-301F-11D3-BF4B-00C04F79EFBC}") = "timeline Ingenieria", "timeline Ingenieria.csproj", "{0C5B47C3-D6B5-4DAF-9DBD-F5989B7A7FE0}"
EndProject
Project("{2150E333-8FDC-42A3-9474-1A3956D46DE8}") = "Elementos de la solución", "Elementos de la solución", "{D107F4C8-89CC-BEA8-D3D7-CA6B7733353D}"
	ProjectSection(SolutionItems) = preProject
		index.html = index.html
		script.js = script.js
		style.css = style.css
	EndProjectSection
EndProject
Project("{2150E333-8FDC-42A3-9474-1A3956D46DE8}") = "img", "img", "{02EA681E-C7D8-13C7-8484-4AC65E1B71E8}"
EndProject
Global
	GlobalSection(SolutionConfigurationPlatforms) = preSolution
		Debug|Any CPU = Debug|Any CPU
		Release|Any CPU = Release|Any CPU
	EndGlobalSection
	GlobalSection(ProjectConfigurationPlatforms) = postSolution
		{0C5B47C3-D6B5-4DAF-9DBD-F5989B7A7FE0}.Debug|Any CPU.ActiveCfg = Debug|Any CPU
		{0C5B47C3-D6B5-4DAF-9DBD-F5989B7A7FE0}.Debug|Any CPU.Build.0 = Debug|Any CPU
		{0C5B47C3-D6B5-4DAF-9DBD-F5989B7A7FE0}.Release|Any CPU.ActiveCfg = Release|Any CPU
		{0C5B47C3-D6B5-4DAF-9DBD-F5989B7A7FE0}.Release|Any CPU.Build.0 = Release|Any CPU
	EndGlobalSection
	GlobalSection(SolutionProperties) = preSolution
		HideSolutionNode = FALSE
	EndGlobalSection
	GlobalSection(NestedProjects) = preSolution
		{02EA681E-C7D8-13C7-8484-4AC65E1B71E8} = {D107F4C8-89CC-BEA8-D3D7-CA6B7733353D}
	EndGlobalSection
	GlobalSection(ExtensibilityGlobals) = postSolution
		SolutionGuid = {93DF9A4F-6356-4633-BCEC-F5887EC600E5}
	EndGlobalSection
EndGlobal
